
Microsoft Visual Studio Solution File, Format Version 12.00
# Visual Studio Version 16
VisualStudioVersion = 16.0.30907.101
MinimumVisualStudioVersion = 10.0.40219.1
Project("{9A19103F-16F7-4668-BE54-9A1E7A4F7556}") = "JimmyLinq", "JimmyLinq.csproj", "{DACE5B5E-2C46-48FE-A0A4-7B6447427E6B}"
EndProject
Project("{FAE04EC0-301F-11D3-BF4B-00C04F79EFBC}") = "JimmyLinqUnitTests", "..\JimmyLinqUnitTests\JimmyLinqUnitTests.csproj", "{FA83A143-E38E-4675-A17E-665D71FED531}"
EndProject
Global
	GlobalSection(SolutionConfigurationPlatforms) = preSolution
		Debug|Any CPU = Debug|Any CPU
		Release|Any CPU = Release|Any CPU
	EndGlobalSection
	GlobalSection(ProjectConfigurationPlatforms) = postSolution
		{DACE5B5E-2C46-48FE-A0A4-7B6447427E6B}.Debug|Any CPU.ActiveCfg = Debug|Any CPU
		{DACE5B5E-2C46-48FE-A0A4-7B6447427E6B}.Debug|Any CPU.Build.0 = Debug|Any CPU
		{DACE5B5E-2C46-48FE-A0A4-7B6447427E6B}.Release|Any CPU.ActiveCfg = Release|Any CPU
		{DACE5B5E-2C46-48FE-A0A4-7B6447427E6B}.Release|Any CPU.Build.0 = Release|Any CPU
		{FA83A143-E38E-4675-A17E-665D71FED531}.Debug|Any CPU.ActiveCfg = Debug|Any CPU
		{FA83A143-E38E-4675-A17E-665D71FED531}.Debug|Any CPU.Build.0 = Debug|Any CPU
		{FA83A143-E38E-4675-A17E-665D71FED531}.Release|Any CPU.ActiveCfg = Release|Any CPU
		{FA83A143-E38E-4675-A17E-665D71FED531}.Release|Any CPU.Build.0 = Release|Any CPU
	EndGlobalSection
	GlobalSection(SolutionProperties) = preSolution
		HideSolutionNode = FALSE
	EndGlobalSection
	GlobalSection(ExtensibilityGlobals) = postSolution
		SolutionGuid = {6687C975-1F0D-456F-BADF-C9D877E539E0}
	EndGlobalSection
EndGlobal
