
Microsoft Visual Studio Solution File, Format Version 12.00
# Visual Studio Version 16
VisualStudioVersion = 16.0.30907.101
MinimumVisualStudioVersion = 10.0.40219.1
Project("{FAE04EC0-301F-11D3-BF4B-00C04F79EFBC}") = "BeehiveWithIWorker", "BeehiveWithIWorker.csproj", "{2739E1D5-2B78-4A3B-B61A-C93786A38972}"
EndProject
Global
	GlobalSection(SolutionConfigurationPlatforms) = preSolution
		Debug|Any CPU = Debug|Any CPU
		Release|Any CPU = Release|Any CPU
	EndGlobalSection
	GlobalSection(ProjectConfigurationPlatforms) = postSolution
		{2739E1D5-2B78-4A3B-B61A-C93786A38972}.Debug|Any CPU.ActiveCfg = Debug|Any CPU
		{2739E1D5-2B78-4A3B-B61A-C93786A38972}.Debug|Any CPU.Build.0 = Debug|Any CPU
		{2739E1D5-2B78-4A3B-B61A-C93786A38972}.Release|Any CPU.ActiveCfg = Release|Any CPU
		{2739E1D5-2B78-4A3B-B61A-C93786A38972}.Release|Any CPU.Build.0 = Release|Any CPU
	EndGlobalSection
	GlobalSection(SolutionProperties) = preSolution
		HideSolutionNode = FALSE
	EndGlobalSection
	GlobalSection(ExtensibilityGlobals) = postSolution
		SolutionGuid = {9160F9F7-C599-411E-85E4-36E668811812}
	EndGlobalSection
EndGlobal
