
Microsoft Visual Studio Solution File, Format Version 12.00
# Visual Studio Version 16
VisualStudioVersion = 16.0.30907.101
MinimumVisualStudioVersion = 10.0.40219.1
Project("{FAE04EC0-301F-11D3-BF4B-00C04F79EFBC}") = "Elephant", "Elephant.csproj", "{77FE3505-2377-4099-A5C4-AD65AFB1C7C7}"
EndProject
Global
	GlobalSection(SolutionConfigurationPlatforms) = preSolution
		Debug|Any CPU = Debug|Any CPU
		Release|Any CPU = Release|Any CPU
	EndGlobalSection
	GlobalSection(ProjectConfigurationPlatforms) = postSolution
		{77FE3505-2377-4099-A5C4-AD65AFB1C7C7}.Debug|Any CPU.ActiveCfg = Debug|Any CPU
		{77FE3505-2377-4099-A5C4-AD65AFB1C7C7}.Debug|Any CPU.Build.0 = Debug|Any CPU
		{77FE3505-2377-4099-A5C4-AD65AFB1C7C7}.Release|Any CPU.ActiveCfg = Release|Any CPU
		{77FE3505-2377-4099-A5C4-AD65AFB1C7C7}.Release|Any CPU.Build.0 = Release|Any CPU
	EndGlobalSection
	GlobalSection(SolutionProperties) = preSolution
		HideSolutionNode = FALSE
	EndGlobalSection
	GlobalSection(ExtensibilityGlobals) = postSolution
		SolutionGuid = {27CB43B7-106E-4375-93C5-2ADC002B5B83}
	EndGlobalSection
EndGlobal
