
Microsoft Visual Studio Solution File, Format Version 12.00
# Visual Studio Version 16
VisualStudioVersion = 16.0.30907.101
MinimumVisualStudioVersion = 10.0.40219.1
Project("{FAE04EC0-301F-11D3-BF4B-00C04F79EFBC}") = "MySecondConsoleApp", "MySecondConsoleApp.csproj", "{57874F06-5953-48D6-8A4B-D7C00428BE4A}"
EndProject
Global
	GlobalSection(SolutionConfigurationPlatforms) = preSolution
		Debug|Any CPU = Debug|Any CPU
		Release|Any CPU = Release|Any CPU
	EndGlobalSection
	GlobalSection(ProjectConfigurationPlatforms) = postSolution
		{57874F06-5953-48D6-8A4B-D7C00428BE4A}.Debug|Any CPU.ActiveCfg = Debug|Any CPU
		{57874F06-5953-48D6-8A4B-D7C00428BE4A}.Debug|Any CPU.Build.0 = Debug|Any CPU
		{57874F06-5953-48D6-8A4B-D7C00428BE4A}.Release|Any CPU.ActiveCfg = Release|Any CPU
		{57874F06-5953-48D6-8A4B-D7C00428BE4A}.Release|Any CPU.Build.0 = Release|Any CPU
	EndGlobalSection
	GlobalSection(SolutionProperties) = preSolution
		HideSolutionNode = FALSE
	EndGlobalSection
	GlobalSection(ExtensibilityGlobals) = postSolution
		SolutionGuid = {C96B963D-2010-4966-8BF8-D2FBCECF4293}
	EndGlobalSection
EndGlobal
