
Microsoft Visual Studio Solution File, Format Version 12.00
# Visual Studio Version 16
VisualStudioVersion = 16.0.31025.194
MinimumVisualStudioVersion = 10.0.40219.1
Project("{FAE04EC0-301F-11D3-BF4B-00C04F79EFBC}") = "Null1", "Null1.csproj", "{8E1717E5-E790-41E3-B880-35AE87A8E0A9}"
EndProject
Global
	GlobalSection(SolutionConfigurationPlatforms) = preSolution
		Debug|Any CPU = Debug|Any CPU
		Release|Any CPU = Release|Any CPU
	EndGlobalSection
	GlobalSection(ProjectConfigurationPlatforms) = postSolution
		{8E1717E5-E790-41E3-B880-35AE87A8E0A9}.Debug|Any CPU.ActiveCfg = Debug|Any CPU
		{8E1717E5-E790-41E3-B880-35AE87A8E0A9}.Debug|Any CPU.Build.0 = Debug|Any CPU
		{8E1717E5-E790-41E3-B880-35AE87A8E0A9}.Release|Any CPU.ActiveCfg = Release|Any CPU
		{8E1717E5-E790-41E3-B880-35AE87A8E0A9}.Release|Any CPU.Build.0 = Release|Any CPU
	EndGlobalSection
	GlobalSection(SolutionProperties) = preSolution
		HideSolutionNode = FALSE
	EndGlobalSection
	GlobalSection(ExtensibilityGlobals) = postSolution
		SolutionGuid = {437372FF-E963-451C-A782-2C6279E18130}
	EndGlobalSection
EndGlobal
