
Microsoft Visual Studio Solution File, Format Version 12.00
# Visual Studio Version 16
VisualStudioVersion = 16.0.31019.35
MinimumVisualStudioVersion = 10.0.40219.1
Project("{FAE04EC0-301F-11D3-BF4B-00C04F79EFBC}") = "SaveableHideAndSeek", "SaveableHideAndSeek.csproj", "{D60C148B-EA58-4C53-AEBE-5E4019B316A6}"
EndProject
Project("{FAE04EC0-301F-11D3-BF4B-00C04F79EFBC}") = "SaveableHideAndSeekTests", "..\SaveableHideAndSeekTests\SaveableHideAndSeekTests.csproj", "{2E8C6F8A-5360-416D-90EE-130492FE455B}"
EndProject
Global
	GlobalSection(SolutionConfigurationPlatforms) = preSolution
		Debug|Any CPU = Debug|Any CPU
		Release|Any CPU = Release|Any CPU
	EndGlobalSection
	GlobalSection(ProjectConfigurationPlatforms) = postSolution
		{D60C148B-EA58-4C53-AEBE-5E4019B316A6}.Debug|Any CPU.ActiveCfg = Debug|Any CPU
		{D60C148B-EA58-4C53-AEBE-5E4019B316A6}.Debug|Any CPU.Build.0 = Debug|Any CPU
		{D60C148B-EA58-4C53-AEBE-5E4019B316A6}.Release|Any CPU.ActiveCfg = Release|Any CPU
		{D60C148B-EA58-4C53-AEBE-5E4019B316A6}.Release|Any CPU.Build.0 = Release|Any CPU
		{2E8C6F8A-5360-416D-90EE-130492FE455B}.Debug|Any CPU.ActiveCfg = Debug|Any CPU
		{2E8C6F8A-5360-416D-90EE-130492FE455B}.Debug|Any CPU.Build.0 = Debug|Any CPU
		{2E8C6F8A-5360-416D-90EE-130492FE455B}.Release|Any CPU.ActiveCfg = Release|Any CPU
		{2E8C6F8A-5360-416D-90EE-130492FE455B}.Release|Any CPU.Build.0 = Release|Any CPU
	EndGlobalSection
	GlobalSection(SolutionProperties) = preSolution
		HideSolutionNode = FALSE
	EndGlobalSection
	GlobalSection(ExtensibilityGlobals) = postSolution
		SolutionGuid = {569EC958-8DC4-42CD-90B7-427DCB05016E}
	EndGlobalSection
EndGlobal
