
Microsoft Visual Studio Solution File, Format Version 12.00
# Visual Studio Version 16
VisualStudioVersion = 16.0.30907.101
MinimumVisualStudioVersion = 10.0.40219.1
Project("{FAE04EC0-301F-11D3-BF4B-00C04F79EFBC}") = "Paintball2", "Paintball2.csproj", "{215059CC-6594-4B93-9A22-C9C3B19A3F91}"
EndProject
Global
	GlobalSection(SolutionConfigurationPlatforms) = preSolution
		Debug|Any CPU = Debug|Any CPU
		Release|Any CPU = Release|Any CPU
	EndGlobalSection
	GlobalSection(ProjectConfigurationPlatforms) = postSolution
		{215059CC-6594-4B93-9A22-C9C3B19A3F91}.Debug|Any CPU.ActiveCfg = Debug|Any CPU
		{215059CC-6594-4B93-9A22-C9C3B19A3F91}.Debug|Any CPU.Build.0 = Debug|Any CPU
		{215059CC-6594-4B93-9A22-C9C3B19A3F91}.Release|Any CPU.ActiveCfg = Release|Any CPU
		{215059CC-6594-4B93-9A22-C9C3B19A3F91}.Release|Any CPU.Build.0 = Release|Any CPU
	EndGlobalSection
	GlobalSection(SolutionProperties) = preSolution
		HideSolutionNode = FALSE
	EndGlobalSection
	GlobalSection(ExtensibilityGlobals) = postSolution
		SolutionGuid = {8197FA80-7B76-4A20-A0C4-5D00B31502BF}
	EndGlobalSection
EndGlobal
