
Microsoft Visual Studio Solution File, Format Version 12.00
# Visual Studio Version 16
VisualStudioVersion = 16.0.31025.194
MinimumVisualStudioVersion = 10.0.40219.1
Project("{FAE04EC0-301F-11D3-BF4B-00C04F79EFBC}") = "ExtensionMethodString", "ExtensionMethodString.csproj", "{275F5222-317F-4D17-97D4-C2AF1CF39597}"
EndProject
Global
	GlobalSection(SolutionConfigurationPlatforms) = preSolution
		Debug|Any CPU = Debug|Any CPU
		Release|Any CPU = Release|Any CPU
	EndGlobalSection
	GlobalSection(ProjectConfigurationPlatforms) = postSolution
		{275F5222-317F-4D17-97D4-C2AF1CF39597}.Debug|Any CPU.ActiveCfg = Debug|Any CPU
		{275F5222-317F-4D17-97D4-C2AF1CF39597}.Debug|Any CPU.Build.0 = Debug|Any CPU
		{275F5222-317F-4D17-97D4-C2AF1CF39597}.Release|Any CPU.ActiveCfg = Release|Any CPU
		{275F5222-317F-4D17-97D4-C2AF1CF39597}.Release|Any CPU.Build.0 = Release|Any CPU
	EndGlobalSection
	GlobalSection(SolutionProperties) = preSolution
		HideSolutionNode = FALSE
	EndGlobalSection
	GlobalSection(ExtensibilityGlobals) = postSolution
		SolutionGuid = {6594D9EA-C13F-48FA-8D4E-614023C54D5D}
	EndGlobalSection
EndGlobal
