
Microsoft Visual Studio Solution File, Format Version 12.00
# Visual Studio Version 16
VisualStudioVersion = 16.0.30907.101
MinimumVisualStudioVersion = 10.0.40219.1
Project("{FAE04EC0-301F-11D3-BF4B-00C04F79EFBC}") = "Paintball3", "Paintball3.csproj", "{91B2A206-8349-4CFA-9F47-D0857A7B3F01}"
EndProject
Global
	GlobalSection(SolutionConfigurationPlatforms) = preSolution
		Debug|Any CPU = Debug|Any CPU
		Release|Any CPU = Release|Any CPU
	EndGlobalSection
	GlobalSection(ProjectConfigurationPlatforms) = postSolution
		{91B2A206-8349-4CFA-9F47-D0857A7B3F01}.Debug|Any CPU.ActiveCfg = Debug|Any CPU
		{91B2A206-8349-4CFA-9F47-D0857A7B3F01}.Debug|Any CPU.Build.0 = Debug|Any CPU
		{91B2A206-8349-4CFA-9F47-D0857A7B3F01}.Release|Any CPU.ActiveCfg = Release|Any CPU
		{91B2A206-8349-4CFA-9F47-D0857A7B3F01}.Release|Any CPU.Build.0 = Release|Any CPU
	EndGlobalSection
	GlobalSection(SolutionProperties) = preSolution
		HideSolutionNode = FALSE
	EndGlobalSection
	GlobalSection(ExtensibilityGlobals) = postSolution
		SolutionGuid = {3DB2E705-7DE4-4245-9516-C97FC8BACF57}
	EndGlobalSection
EndGlobal
