
Microsoft Visual Studio Solution File, Format Version 12.00
# Visual Studio Version 16
VisualStudioVersion = 16.0.30907.101
MinimumVisualStudioVersion = 10.0.40219.1
Project("{FAE04EC0-301F-11D3-BF4B-00C04F79EFBC}") = "LazyEvaluation", "LazyEvaluation.csproj", "{B122BA6E-888C-40A3-A079-7E6B8246566D}"
EndProject
Global
	GlobalSection(SolutionConfigurationPlatforms) = preSolution
		Debug|Any CPU = Debug|Any CPU
		Release|Any CPU = Release|Any CPU
	EndGlobalSection
	GlobalSection(ProjectConfigurationPlatforms) = postSolution
		{B122BA6E-888C-40A3-A079-7E6B8246566D}.Debug|Any CPU.ActiveCfg = Debug|Any CPU
		{B122BA6E-888C-40A3-A079-7E6B8246566D}.Debug|Any CPU.Build.0 = Debug|Any CPU
		{B122BA6E-888C-40A3-A079-7E6B8246566D}.Release|Any CPU.ActiveCfg = Release|Any CPU
		{B122BA6E-888C-40A3-A079-7E6B8246566D}.Release|Any CPU.Build.0 = Release|Any CPU
	EndGlobalSection
	GlobalSection(SolutionProperties) = preSolution
		HideSolutionNode = FALSE
	EndGlobalSection
	GlobalSection(ExtensibilityGlobals) = postSolution
		SolutionGuid = {8B70631F-7071-4E92-96FD-06261DED3222}
	EndGlobalSection
EndGlobal
