
Microsoft Visual Studio Solution File, Format Version 12.00
# Visual Studio Version 16
VisualStudioVersion = 16.0.30907.101
MinimumVisualStudioVersion = 10.0.40219.1
Project("{FAE04EC0-301F-11D3-BF4B-00C04F79EFBC}") = "GoFishConsole", "GoFishConsole.csproj", "{D5A4E408-469F-40B1-9839-05F44904655C}"
EndProject
Project("{FAE04EC0-301F-11D3-BF4B-00C04F79EFBC}") = "GoFishTest", "..\GoFishTest\GoFishTest.csproj", "{713517E4-8ADC-475A-9006-310D61792AC1}"
EndProject
Global
	GlobalSection(SolutionConfigurationPlatforms) = preSolution
		Debug|Any CPU = Debug|Any CPU
		Release|Any CPU = Release|Any CPU
	EndGlobalSection
	GlobalSection(ProjectConfigurationPlatforms) = postSolution
		{D5A4E408-469F-40B1-9839-05F44904655C}.Debug|Any CPU.ActiveCfg = Debug|Any CPU
		{D5A4E408-469F-40B1-9839-05F44904655C}.Debug|Any CPU.Build.0 = Debug|Any CPU
		{D5A4E408-469F-40B1-9839-05F44904655C}.Release|Any CPU.ActiveCfg = Release|Any CPU
		{D5A4E408-469F-40B1-9839-05F44904655C}.Release|Any CPU.Build.0 = Release|Any CPU
		{713517E4-8ADC-475A-9006-310D61792AC1}.Debug|Any CPU.ActiveCfg = Debug|Any CPU
		{713517E4-8ADC-475A-9006-310D61792AC1}.Debug|Any CPU.Build.0 = Debug|Any CPU
		{713517E4-8ADC-475A-9006-310D61792AC1}.Release|Any CPU.ActiveCfg = Release|Any CPU
		{713517E4-8ADC-475A-9006-310D61792AC1}.Release|Any CPU.Build.0 = Release|Any CPU
	EndGlobalSection
	GlobalSection(SolutionProperties) = preSolution
		HideSolutionNode = FALSE
	EndGlobalSection
	GlobalSection(ExtensibilityGlobals) = postSolution
		SolutionGuid = {CB9319FD-A1BB-4356-BF4C-B128174C47C8}
	EndGlobalSection
EndGlobal
