
Microsoft Visual Studio Solution File, Format Version 12.00
# Visual Studio Version 16
VisualStudioVersion = 16.0.30907.101
MinimumVisualStudioVersion = 10.0.40219.1
Project("{FAE04EC0-301F-11D3-BF4B-00C04F79EFBC}") = "BeehiveINotifyPropertyChanged", "BeehiveINotifyPropertyChanged.csproj", "{3044A550-F063-4EF4-8E09-FAC493BDFD1C}"
EndProject
Global
	GlobalSection(SolutionConfigurationPlatforms) = preSolution
		Debug|Any CPU = Debug|Any CPU
		Release|Any CPU = Release|Any CPU
	EndGlobalSection
	GlobalSection(ProjectConfigurationPlatforms) = postSolution
		{3044A550-F063-4EF4-8E09-FAC493BDFD1C}.Debug|Any CPU.ActiveCfg = Debug|Any CPU
		{3044A550-F063-4EF4-8E09-FAC493BDFD1C}.Debug|Any CPU.Build.0 = Debug|Any CPU
		{3044A550-F063-4EF4-8E09-FAC493BDFD1C}.Release|Any CPU.ActiveCfg = Release|Any CPU
		{3044A550-F063-4EF4-8E09-FAC493BDFD1C}.Release|Any CPU.Build.0 = Release|Any CPU
	EndGlobalSection
	GlobalSection(SolutionProperties) = preSolution
		HideSolutionNode = FALSE
	EndGlobalSection
	GlobalSection(ExtensibilityGlobals) = postSolution
		SolutionGuid = {6CAB7172-E2F2-4B63-8749-6CECDC10DCA5}
	EndGlobalSection
EndGlobal
